
Microsoft Visual Studio Solution File, Format Version 12.00
# Visual Studio Version 16
VisualStudioVersion = 16.0.29920.165
MinimumVisualStudioVersion = 10.0.40219.1
Project("{F184B08F-C81C-45F6-A57F-5ABD9991F28F}") = "monitor", "vwmonitor\monitor.vbproj", "{8CB587BE-ADD5-41A0-8730-0FB8985A2462}"
EndProject
Project("{F184B08F-C81C-45F6-A57F-5ABD9991F28F}") = "arduino", "vwarduino\arduino.vbproj", "{17D18D44-5B47-4729-A1D3-0E00BC0D3F6F}"
EndProject
Project("{F184B08F-C81C-45F6-A57F-5ABD9991F28F}") = "mensajes", "vbcorreos\mensajes.vbproj", "{8B90F348-0ED4-450D-9AD2-6D83739840E4}"
EndProject
Project("{F184B08F-C81C-45F6-A57F-5ABD9991F28F}") = "reportes", "vwreportes\reportes.vbproj", "{4ACC9C48-936C-4597-98B6-CA605C76C5D1}"
EndProject
Project("{F184B08F-C81C-45F6-A57F-5ABD9991F28F}") = "cortes", "vwcorte\cortes.vbproj", "{D00C5EB5-A37A-4D57-A36B-531EF828C40E}"
EndProject
Project("{F184B08F-C81C-45F6-A57F-5ABD9991F28F}") = "mmcall", "vbmmcall\mmcall.vbproj", "{D595B214-2E7B-4BF4-A262-8431762D232C}"
EndProject
Project("{F184B08F-C81C-45F6-A57F-5ABD9991F28F}") = "sigmalog", "vblog\sigmalog.vbproj", "{81F376BB-1F72-4BE4-837E-F87EEC834898}"
EndProject
Project("{F184B08F-C81C-45F6-A57F-5ABD9991F28F}") = "sms", "vbsms\sms.vbproj", "{2AF82973-55A1-4CE7-897A-E2EDD79045C2}"
EndProject
Project("{F184B08F-C81C-45F6-A57F-5ABD9991F28F}") = "voz", "bvllamadas\voz.vbproj", "{850A596B-6A1E-44E4-AC47-9FE50984500F}"
EndProject
Project("{FAE04EC0-301F-11D3-BF4B-00C04F79EFBC}") = "pptxrdr", "..\pptxrdr\pptxrdr\pptxrdr.csproj", "{343FD100-9271-46A2-B9F7-610347CCBA78}"
EndProject
Project("{F184B08F-C81C-45F6-A57F-5ABD9991F28F}") = "ReproductorWAV", "ReproductorWAV\ReproductorWAV.vbproj", "{893FE1E5-A2B2-48C1-8B45-A0D89805DAC9}"
EndProject
Project("{F184B08F-C81C-45F6-A57F-5ABD9991F28F}") = "repeticiones", "repeticiones\repeticiones.vbproj", "{44C23FF1-2876-40BD-BBF3-45C5699E9FD5}"
EndProject
Project("{54435603-DBB4-11D2-8724-00A0C9A8B90C}") = "instaladores", "instaladores\instaladores.vdproj", "{DF46BB68-674A-4DA3-B504-789D7E864BD0}"
EndProject
Project("{F184B08F-C81C-45F6-A57F-5ABD9991F28F}") = "listados", "vblistados\listados.vbproj", "{028A476E-575E-42F3-85B1-CDE8B31951A5}"
EndProject
Project("{F184B08F-C81C-45F6-A57F-5ABD9991F28F}") = "checklists", "checklists\checklists.vbproj", "{25C1E6B7-42A4-468F-BEED-CDA389B1CAEC}"
EndProject
Global
	GlobalSection(SolutionConfigurationPlatforms) = preSolution
		Debug|Any CPU = Debug|Any CPU
		Debug|ARM = Debug|ARM
		Debug|ARM64 = Debug|ARM64
		Debug|x64 = Debug|x64
		Debug|x86 = Debug|x86
		Release|Any CPU = Release|Any CPU
		Release|ARM = Release|ARM
		Release|ARM64 = Release|ARM64
		Release|x64 = Release|x64
		Release|x86 = Release|x86
	EndGlobalSection
	GlobalSection(ProjectConfigurationPlatforms) = postSolution
		{8CB587BE-ADD5-41A0-8730-0FB8985A2462}.Debug|Any CPU.ActiveCfg = Debug|Any CPU
		{8CB587BE-ADD5-41A0-8730-0FB8985A2462}.Debug|Any CPU.Build.0 = Debug|Any CPU
		{8CB587BE-ADD5-41A0-8730-0FB8985A2462}.Debug|ARM.ActiveCfg = Debug|Any CPU
		{8CB587BE-ADD5-41A0-8730-0FB8985A2462}.Debug|ARM.Build.0 = Debug|Any CPU
		{8CB587BE-ADD5-41A0-8730-0FB8985A2462}.Debug|ARM64.ActiveCfg = Debug|Any CPU
		{8CB587BE-ADD5-41A0-8730-0FB8985A2462}.Debug|ARM64.Build.0 = Debug|Any CPU
		{8CB587BE-ADD5-41A0-8730-0FB8985A2462}.Debug|x64.ActiveCfg = Debug|Any CPU
		{8CB587BE-ADD5-41A0-8730-0FB8985A2462}.Debug|x64.Build.0 = Debug|Any CPU
		{8CB587BE-ADD5-41A0-8730-0FB8985A2462}.Debug|x86.ActiveCfg = Debug|Any CPU
		{8CB587BE-ADD5-41A0-8730-0FB8985A2462}.Debug|x86.Build.0 = Debug|Any CPU
		{8CB587BE-ADD5-41A0-8730-0FB8985A2462}.Release|Any CPU.ActiveCfg = Release|Any CPU
		{8CB587BE-ADD5-41A0-8730-0FB8985A2462}.Release|Any CPU.Build.0 = Release|Any CPU
		{8CB587BE-ADD5-41A0-8730-0FB8985A2462}.Release|ARM.ActiveCfg = Release|Any CPU
		{8CB587BE-ADD5-41A0-8730-0FB8985A2462}.Release|ARM.Build.0 = Release|Any CPU
		{8CB587BE-ADD5-41A0-8730-0FB8985A2462}.Release|ARM64.ActiveCfg = Release|Any CPU
		{8CB587BE-ADD5-41A0-8730-0FB8985A2462}.Release|ARM64.Build.0 = Release|Any CPU
		{8CB587BE-ADD5-41A0-8730-0FB8985A2462}.Release|x64.ActiveCfg = Release|Any CPU
		{8CB587BE-ADD5-41A0-8730-0FB8985A2462}.Release|x64.Build.0 = Release|Any CPU
		{8CB587BE-ADD5-41A0-8730-0FB8985A2462}.Release|x86.ActiveCfg = Release|Any CPU
		{8CB587BE-ADD5-41A0-8730-0FB8985A2462}.Release|x86.Build.0 = Release|Any CPU
		{17D18D44-5B47-4729-A1D3-0E00BC0D3F6F}.Debug|Any CPU.ActiveCfg = Debug|Any CPU
		{17D18D44-5B47-4729-A1D3-0E00BC0D3F6F}.Debug|Any CPU.Build.0 = Debug|Any CPU
		{17D18D44-5B47-4729-A1D3-0E00BC0D3F6F}.Debug|ARM.ActiveCfg = Debug|Any CPU
		{17D18D44-5B47-4729-A1D3-0E00BC0D3F6F}.Debug|ARM.Build.0 = Debug|Any CPU
		{17D18D44-5B47-4729-A1D3-0E00BC0D3F6F}.Debug|ARM64.ActiveCfg = Debug|Any CPU
		{17D18D44-5B47-4729-A1D3-0E00BC0D3F6F}.Debug|ARM64.Build.0 = Debug|Any CPU
		{17D18D44-5B47-4729-A1D3-0E00BC0D3F6F}.Debug|x64.ActiveCfg = Debug|Any CPU
		{17D18D44-5B47-4729-A1D3-0E00BC0D3F6F}.Debug|x64.Build.0 = Debug|Any CPU
		{17D18D44-5B47-4729-A1D3-0E00BC0D3F6F}.Debug|x86.ActiveCfg = Debug|Any CPU
		{17D18D44-5B47-4729-A1D3-0E00BC0D3F6F}.Debug|x86.Build.0 = Debug|Any CPU
		{17D18D44-5B47-4729-A1D3-0E00BC0D3F6F}.Release|Any CPU.ActiveCfg = Release|Any CPU
		{17D18D44-5B47-4729-A1D3-0E00BC0D3F6F}.Release|Any CPU.Build.0 = Release|Any CPU
		{17D18D44-5B47-4729-A1D3-0E00BC0D3F6F}.Release|ARM.ActiveCfg = Release|Any CPU
		{17D18D44-5B47-4729-A1D3-0E00BC0D3F6F}.Release|ARM.Build.0 = Release|Any CPU
		{17D18D44-5B47-4729-A1D3-0E00BC0D3F6F}.Release|ARM64.ActiveCfg = Release|Any CPU
		{17D18D44-5B47-4729-A1D3-0E00BC0D3F6F}.Release|ARM64.Build.0 = Release|Any CPU
		{17D18D44-5B47-4729-A1D3-0E00BC0D3F6F}.Release|x64.ActiveCfg = Release|Any CPU
		{17D18D44-5B47-4729-A1D3-0E00BC0D3F6F}.Release|x64.Build.0 = Release|Any CPU
		{17D18D44-5B47-4729-A1D3-0E00BC0D3F6F}.Release|x86.ActiveCfg = Release|Any CPU
		{17D18D44-5B47-4729-A1D3-0E00BC0D3F6F}.Release|x86.Build.0 = Release|Any CPU
		{8B90F348-0ED4-450D-9AD2-6D83739840E4}.Debug|Any CPU.ActiveCfg = Debug|Any CPU
		{8B90F348-0ED4-450D-9AD2-6D83739840E4}.Debug|Any CPU.Build.0 = Debug|Any CPU
		{8B90F348-0ED4-450D-9AD2-6D83739840E4}.Debug|ARM.ActiveCfg = Debug|Any CPU
		{8B90F348-0ED4-450D-9AD2-6D83739840E4}.Debug|ARM.Build.0 = Debug|Any CPU
		{8B90F348-0ED4-450D-9AD2-6D83739840E4}.Debug|ARM64.ActiveCfg = Debug|Any CPU
		{8B90F348-0ED4-450D-9AD2-6D83739840E4}.Debug|ARM64.Build.0 = Debug|Any CPU
		{8B90F348-0ED4-450D-9AD2-6D83739840E4}.Debug|x64.ActiveCfg = Debug|Any CPU
		{8B90F348-0ED4-450D-9AD2-6D83739840E4}.Debug|x64.Build.0 = Debug|Any CPU
		{8B90F348-0ED4-450D-9AD2-6D83739840E4}.Debug|x86.ActiveCfg = Debug|Any CPU
		{8B90F348-0ED4-450D-9AD2-6D83739840E4}.Debug|x86.Build.0 = Debug|Any CPU
		{8B90F348-0ED4-450D-9AD2-6D83739840E4}.Release|Any CPU.ActiveCfg = Release|Any CPU
		{8B90F348-0ED4-450D-9AD2-6D83739840E4}.Release|Any CPU.Build.0 = Release|Any CPU
		{8B90F348-0ED4-450D-9AD2-6D83739840E4}.Release|ARM.ActiveCfg = Release|Any CPU
		{8B90F348-0ED4-450D-9AD2-6D83739840E4}.Release|ARM.Build.0 = Release|Any CPU
		{8B90F348-0ED4-450D-9AD2-6D83739840E4}.Release|ARM64.ActiveCfg = Release|Any CPU
		{8B90F348-0ED4-450D-9AD2-6D83739840E4}.Release|ARM64.Build.0 = Release|Any CPU
		{8B90F348-0ED4-450D-9AD2-6D83739840E4}.Release|x64.ActiveCfg = Release|Any CPU
		{8B90F348-0ED4-450D-9AD2-6D83739840E4}.Release|x64.Build.0 = Release|Any CPU
		{8B90F348-0ED4-450D-9AD2-6D83739840E4}.Release|x86.ActiveCfg = Release|Any CPU
		{8B90F348-0ED4-450D-9AD2-6D83739840E4}.Release|x86.Build.0 = Release|Any CPU
		{4ACC9C48-936C-4597-98B6-CA605C76C5D1}.Debug|Any CPU.ActiveCfg = Debug|Any CPU
		{4ACC9C48-936C-4597-98B6-CA605C76C5D1}.Debug|Any CPU.Build.0 = Debug|Any CPU
		{4ACC9C48-936C-4597-98B6-CA605C76C5D1}.Debug|ARM.ActiveCfg = Debug|Any CPU
		{4ACC9C48-936C-4597-98B6-CA605C76C5D1}.Debug|ARM.Build.0 = Debug|Any CPU
		{4ACC9C48-936C-4597-98B6-CA605C76C5D1}.Debug|ARM64.ActiveCfg = Debug|Any CPU
		{4ACC9C48-936C-4597-98B6-CA605C76C5D1}.Debug|ARM64.Build.0 = Debug|Any CPU
		{4ACC9C48-936C-4597-98B6-CA605C76C5D1}.Debug|x64.ActiveCfg = Debug|Any CPU
		{4ACC9C48-936C-4597-98B6-CA605C76C5D1}.Debug|x64.Build.0 = Debug|Any CPU
		{4ACC9C48-936C-4597-98B6-CA605C76C5D1}.Debug|x86.ActiveCfg = Debug|Any CPU
		{4ACC9C48-936C-4597-98B6-CA605C76C5D1}.Debug|x86.Build.0 = Debug|Any CPU
		{4ACC9C48-936C-4597-98B6-CA605C76C5D1}.Release|Any CPU.ActiveCfg = Release|Any CPU
		{4ACC9C48-936C-4597-98B6-CA605C76C5D1}.Release|Any CPU.Build.0 = Release|Any CPU
		{4ACC9C48-936C-4597-98B6-CA605C76C5D1}.Release|ARM.ActiveCfg = Release|Any CPU
		{4ACC9C48-936C-4597-98B6-CA605C76C5D1}.Release|ARM.Build.0 = Release|Any CPU
		{4ACC9C48-936C-4597-98B6-CA605C76C5D1}.Release|ARM64.ActiveCfg = Release|Any CPU
		{4ACC9C48-936C-4597-98B6-CA605C76C5D1}.Release|ARM64.Build.0 = Release|Any CPU
		{4ACC9C48-936C-4597-98B6-CA605C76C5D1}.Release|x64.ActiveCfg = Release|Any CPU
		{4ACC9C48-936C-4597-98B6-CA605C76C5D1}.Release|x64.Build.0 = Release|Any CPU
		{4ACC9C48-936C-4597-98B6-CA605C76C5D1}.Release|x86.ActiveCfg = Release|Any CPU
		{4ACC9C48-936C-4597-98B6-CA605C76C5D1}.Release|x86.Build.0 = Release|Any CPU
		{D00C5EB5-A37A-4D57-A36B-531EF828C40E}.Debug|Any CPU.ActiveCfg = Debug|Any CPU
		{D00C5EB5-A37A-4D57-A36B-531EF828C40E}.Debug|Any CPU.Build.0 = Debug|Any CPU
		{D00C5EB5-A37A-4D57-A36B-531EF828C40E}.Debug|ARM.ActiveCfg = Debug|Any CPU
		{D00C5EB5-A37A-4D57-A36B-531EF828C40E}.Debug|ARM.Build.0 = Debug|Any CPU
		{D00C5EB5-A37A-4D57-A36B-531EF828C40E}.Debug|ARM64.ActiveCfg = Debug|Any CPU
		{D00C5EB5-A37A-4D57-A36B-531EF828C40E}.Debug|ARM64.Build.0 = Debug|Any CPU
		{D00C5EB5-A37A-4D57-A36B-531EF828C40E}.Debug|x64.ActiveCfg = Debug|Any CPU
		{D00C5EB5-A37A-4D57-A36B-531EF828C40E}.Debug|x64.Build.0 = Debug|Any CPU
		{D00C5EB5-A37A-4D57-A36B-531EF828C40E}.Debug|x86.ActiveCfg = Debug|Any CPU
		{D00C5EB5-A37A-4D57-A36B-531EF828C40E}.Debug|x86.Build.0 = Debug|Any CPU
		{D00C5EB5-A37A-4D57-A36B-531EF828C40E}.Release|Any CPU.ActiveCfg = Release|Any CPU
		{D00C5EB5-A37A-4D57-A36B-531EF828C40E}.Release|Any CPU.Build.0 = Release|Any CPU
		{D00C5EB5-A37A-4D57-A36B-531EF828C40E}.Release|ARM.ActiveCfg = Release|Any CPU
		{D00C5EB5-A37A-4D57-A36B-531EF828C40E}.Release|ARM.Build.0 = Release|Any CPU
		{D00C5EB5-A37A-4D57-A36B-531EF828C40E}.Release|ARM64.ActiveCfg = Release|Any CPU
		{D00C5EB5-A37A-4D57-A36B-531EF828C40E}.Release|ARM64.Build.0 = Release|Any CPU
		{D00C5EB5-A37A-4D57-A36B-531EF828C40E}.Release|x64.ActiveCfg = Release|Any CPU
		{D00C5EB5-A37A-4D57-A36B-531EF828C40E}.Release|x64.Build.0 = Release|Any CPU
		{D00C5EB5-A37A-4D57-A36B-531EF828C40E}.Release|x86.ActiveCfg = Release|Any CPU
		{D00C5EB5-A37A-4D57-A36B-531EF828C40E}.Release|x86.Build.0 = Release|Any CPU
		{D595B214-2E7B-4BF4-A262-8431762D232C}.Debug|Any CPU.ActiveCfg = Debug|Any CPU
		{D595B214-2E7B-4BF4-A262-8431762D232C}.Debug|Any CPU.Build.0 = Debug|Any CPU
		{D595B214-2E7B-4BF4-A262-8431762D232C}.Debug|ARM.ActiveCfg = Debug|Any CPU
		{D595B214-2E7B-4BF4-A262-8431762D232C}.Debug|ARM.Build.0 = Debug|Any CPU
		{D595B214-2E7B-4BF4-A262-8431762D232C}.Debug|ARM64.ActiveCfg = Debug|Any CPU
		{D595B214-2E7B-4BF4-A262-8431762D232C}.Debug|ARM64.Build.0 = Debug|Any CPU
		{D595B214-2E7B-4BF4-A262-8431762D232C}.Debug|x64.ActiveCfg = Debug|Any CPU
		{D595B214-2E7B-4BF4-A262-8431762D232C}.Debug|x64.Build.0 = Debug|Any CPU
		{D595B214-2E7B-4BF4-A262-8431762D232C}.Debug|x86.ActiveCfg = Debug|Any CPU
		{D595B214-2E7B-4BF4-A262-8431762D232C}.Debug|x86.Build.0 = Debug|Any CPU
		{D595B214-2E7B-4BF4-A262-8431762D232C}.Release|Any CPU.ActiveCfg = Release|Any CPU
		{D595B214-2E7B-4BF4-A262-8431762D232C}.Release|Any CPU.Build.0 = Release|Any CPU
		{D595B214-2E7B-4BF4-A262-8431762D232C}.Release|ARM.ActiveCfg = Release|Any CPU
		{D595B214-2E7B-4BF4-A262-8431762D232C}.Release|ARM.Build.0 = Release|Any CPU
		{D595B214-2E7B-4BF4-A262-8431762D232C}.Release|ARM64.ActiveCfg = Release|Any CPU
		{D595B214-2E7B-4BF4-A262-8431762D232C}.Release|ARM64.Build.0 = Release|Any CPU
		{D595B214-2E7B-4BF4-A262-8431762D232C}.Release|x64.ActiveCfg = Release|Any CPU
		{D595B214-2E7B-4BF4-A262-8431762D232C}.Release|x64.Build.0 = Release|Any CPU
		{D595B214-2E7B-4BF4-A262-8431762D232C}.Release|x86.ActiveCfg = Release|Any CPU
		{D595B214-2E7B-4BF4-A262-8431762D232C}.Release|x86.Build.0 = Release|Any CPU
		{81F376BB-1F72-4BE4-837E-F87EEC834898}.Debug|Any CPU.ActiveCfg = Debug|Any CPU
		{81F376BB-1F72-4BE4-837E-F87EEC834898}.Debug|Any CPU.Build.0 = Debug|Any CPU
		{81F376BB-1F72-4BE4-837E-F87EEC834898}.Debug|ARM.ActiveCfg = Debug|Any CPU
		{81F376BB-1F72-4BE4-837E-F87EEC834898}.Debug|ARM.Build.0 = Debug|Any CPU
		{81F376BB-1F72-4BE4-837E-F87EEC834898}.Debug|ARM64.ActiveCfg = Debug|Any CPU
		{81F376BB-1F72-4BE4-837E-F87EEC834898}.Debug|ARM64.Build.0 = Debug|Any CPU
		{81F376BB-1F72-4BE4-837E-F87EEC834898}.Debug|x64.ActiveCfg = Debug|Any CPU
		{81F376BB-1F72-4BE4-837E-F87EEC834898}.Debug|x64.Build.0 = Debug|Any CPU
		{81F376BB-1F72-4BE4-837E-F87EEC834898}.Debug|x86.ActiveCfg = Debug|Any CPU
		{81F376BB-1F72-4BE4-837E-F87EEC834898}.Debug|x86.Build.0 = Debug|Any CPU
		{81F376BB-1F72-4BE4-837E-F87EEC834898}.Release|Any CPU.ActiveCfg = Release|Any CPU
		{81F376BB-1F72-4BE4-837E-F87EEC834898}.Release|Any CPU.Build.0 = Release|Any CPU
		{81F376BB-1F72-4BE4-837E-F87EEC834898}.Release|ARM.ActiveCfg = Release|Any CPU
		{81F376BB-1F72-4BE4-837E-F87EEC834898}.Release|ARM.Build.0 = Release|Any CPU
		{81F376BB-1F72-4BE4-837E-F87EEC834898}.Release|ARM64.ActiveCfg = Release|Any CPU
		{81F376BB-1F72-4BE4-837E-F87EEC834898}.Release|ARM64.Build.0 = Release|Any CPU
		{81F376BB-1F72-4BE4-837E-F87EEC834898}.Release|x64.ActiveCfg = Release|Any CPU
		{81F376BB-1F72-4BE4-837E-F87EEC834898}.Release|x64.Build.0 = Release|Any CPU
		{81F376BB-1F72-4BE4-837E-F87EEC834898}.Release|x86.ActiveCfg = Release|Any CPU
		{81F376BB-1F72-4BE4-837E-F87EEC834898}.Release|x86.Build.0 = Release|Any CPU
		{2AF82973-55A1-4CE7-897A-E2EDD79045C2}.Debug|Any CPU.ActiveCfg = Debug|Any CPU
		{2AF82973-55A1-4CE7-897A-E2EDD79045C2}.Debug|Any CPU.Build.0 = Debug|Any CPU
		{2AF82973-55A1-4CE7-897A-E2EDD79045C2}.Debug|ARM.ActiveCfg = Debug|Any CPU
		{2AF82973-55A1-4CE7-897A-E2EDD79045C2}.Debug|ARM.Build.0 = Debug|Any CPU
		{2AF82973-55A1-4CE7-897A-E2EDD79045C2}.Debug|ARM64.ActiveCfg = Debug|Any CPU
		{2AF82973-55A1-4CE7-897A-E2EDD79045C2}.Debug|ARM64.Build.0 = Debug|Any CPU
		{2AF82973-55A1-4CE7-897A-E2EDD79045C2}.Debug|x64.ActiveCfg = Debug|Any CPU
		{2AF82973-55A1-4CE7-897A-E2EDD79045C2}.Debug|x64.Build.0 = Debug|Any CPU
		{2AF82973-55A1-4CE7-897A-E2EDD79045C2}.Debug|x86.ActiveCfg = Debug|Any CPU
		{2AF82973-55A1-4CE7-897A-E2EDD79045C2}.Debug|x86.Build.0 = Debug|Any CPU
		{2AF82973-55A1-4CE7-897A-E2EDD79045C2}.Release|Any CPU.ActiveCfg = Release|Any CPU
		{2AF82973-55A1-4CE7-897A-E2EDD79045C2}.Release|Any CPU.Build.0 = Release|Any CPU
		{2AF82973-55A1-4CE7-897A-E2EDD79045C2}.Release|ARM.ActiveCfg = Release|Any CPU
		{2AF82973-55A1-4CE7-897A-E2EDD79045C2}.Release|ARM.Build.0 = Release|Any CPU
		{2AF82973-55A1-4CE7-897A-E2EDD79045C2}.Release|ARM64.ActiveCfg = Release|Any CPU
		{2AF82973-55A1-4CE7-897A-E2EDD79045C2}.Release|ARM64.Build.0 = Release|Any CPU
		{2AF82973-55A1-4CE7-897A-E2EDD79045C2}.Release|x64.ActiveCfg = Release|Any CPU
		{2AF82973-55A1-4CE7-897A-E2EDD79045C2}.Release|x64.Build.0 = Release|Any CPU
		{2AF82973-55A1-4CE7-897A-E2EDD79045C2}.Release|x86.ActiveCfg = Release|Any CPU
		{2AF82973-55A1-4CE7-897A-E2EDD79045C2}.Release|x86.Build.0 = Release|Any CPU
		{850A596B-6A1E-44E4-AC47-9FE50984500F}.Debug|Any CPU.ActiveCfg = Debug|Any CPU
		{850A596B-6A1E-44E4-AC47-9FE50984500F}.Debug|Any CPU.Build.0 = Debug|Any CPU
		{850A596B-6A1E-44E4-AC47-9FE50984500F}.Debug|ARM.ActiveCfg = Debug|Any CPU
		{850A596B-6A1E-44E4-AC47-9FE50984500F}.Debug|ARM.Build.0 = Debug|Any CPU
		{850A596B-6A1E-44E4-AC47-9FE50984500F}.Debug|ARM64.ActiveCfg = Debug|Any CPU
		{850A596B-6A1E-44E4-AC47-9FE50984500F}.Debug|ARM64.Build.0 = Debug|Any CPU
		{850A596B-6A1E-44E4-AC47-9FE50984500F}.Debug|x64.ActiveCfg = Debug|Any CPU
		{850A596B-6A1E-44E4-AC47-9FE50984500F}.Debug|x64.Build.0 = Debug|Any CPU
		{850A596B-6A1E-44E4-AC47-9FE50984500F}.Debug|x86.ActiveCfg = Debug|Any CPU
		{850A596B-6A1E-44E4-AC47-9FE50984500F}.Debug|x86.Build.0 = Debug|Any CPU
		{850A596B-6A1E-44E4-AC47-9FE50984500F}.Release|Any CPU.ActiveCfg = Release|Any CPU
		{850A596B-6A1E-44E4-AC47-9FE50984500F}.Release|Any CPU.Build.0 = Release|Any CPU
		{850A596B-6A1E-44E4-AC47-9FE50984500F}.Release|ARM.ActiveCfg = Release|Any CPU
		{850A596B-6A1E-44E4-AC47-9FE50984500F}.Release|ARM.Build.0 = Release|Any CPU
		{850A596B-6A1E-44E4-AC47-9FE50984500F}.Release|ARM64.ActiveCfg = Release|Any CPU
		{850A596B-6A1E-44E4-AC47-9FE50984500F}.Release|ARM64.Build.0 = Release|Any CPU
		{850A596B-6A1E-44E4-AC47-9FE50984500F}.Release|x64.ActiveCfg = Release|Any CPU
		{850A596B-6A1E-44E4-AC47-9FE50984500F}.Release|x64.Build.0 = Release|Any CPU
		{850A596B-6A1E-44E4-AC47-9FE50984500F}.Release|x86.ActiveCfg = Release|Any CPU
		{850A596B-6A1E-44E4-AC47-9FE50984500F}.Release|x86.Build.0 = Release|Any CPU
		{343FD100-9271-46A2-B9F7-610347CCBA78}.Debug|Any CPU.ActiveCfg = Debug|Any CPU
		{343FD100-9271-46A2-B9F7-610347CCBA78}.Debug|Any CPU.Build.0 = Debug|Any CPU
		{343FD100-9271-46A2-B9F7-610347CCBA78}.Debug|ARM.ActiveCfg = Debug|Any CPU
		{343FD100-9271-46A2-B9F7-610347CCBA78}.Debug|ARM.Build.0 = Debug|Any CPU
		{343FD100-9271-46A2-B9F7-610347CCBA78}.Debug|ARM64.ActiveCfg = Debug|Any CPU
		{343FD100-9271-46A2-B9F7-610347CCBA78}.Debug|ARM64.Build.0 = Debug|Any CPU
		{343FD100-9271-46A2-B9F7-610347CCBA78}.Debug|x64.ActiveCfg = Debug|Any CPU
		{343FD100-9271-46A2-B9F7-610347CCBA78}.Debug|x64.Build.0 = Debug|Any CPU
		{343FD100-9271-46A2-B9F7-610347CCBA78}.Debug|x86.ActiveCfg = Debug|Any CPU
		{343FD100-9271-46A2-B9F7-610347CCBA78}.Debug|x86.Build.0 = Debug|Any CPU
		{343FD100-9271-46A2-B9F7-610347CCBA78}.Release|Any CPU.ActiveCfg = Release|Any CPU
		{343FD100-9271-46A2-B9F7-610347CCBA78}.Release|Any CPU.Build.0 = Release|Any CPU
		{343FD100-9271-46A2-B9F7-610347CCBA78}.Release|ARM.ActiveCfg = Release|Any CPU
		{343FD100-9271-46A2-B9F7-610347CCBA78}.Release|ARM.Build.0 = Release|Any CPU
		{343FD100-9271-46A2-B9F7-610347CCBA78}.Release|ARM64.ActiveCfg = Release|Any CPU
		{343FD100-9271-46A2-B9F7-610347CCBA78}.Release|ARM64.Build.0 = Release|Any CPU
		{343FD100-9271-46A2-B9F7-610347CCBA78}.Release|x64.ActiveCfg = Release|Any CPU
		{343FD100-9271-46A2-B9F7-610347CCBA78}.Release|x64.Build.0 = Release|Any CPU
		{343FD100-9271-46A2-B9F7-610347CCBA78}.Release|x86.ActiveCfg = Release|Any CPU
		{343FD100-9271-46A2-B9F7-610347CCBA78}.Release|x86.Build.0 = Release|Any CPU
		{893FE1E5-A2B2-48C1-8B45-A0D89805DAC9}.Debug|Any CPU.ActiveCfg = Debug|Any CPU
		{893FE1E5-A2B2-48C1-8B45-A0D89805DAC9}.Debug|Any CPU.Build.0 = Debug|Any CPU
		{893FE1E5-A2B2-48C1-8B45-A0D89805DAC9}.Debug|ARM.ActiveCfg = Debug|Any CPU
		{893FE1E5-A2B2-48C1-8B45-A0D89805DAC9}.Debug|ARM.Build.0 = Debug|Any CPU
		{893FE1E5-A2B2-48C1-8B45-A0D89805DAC9}.Debug|ARM64.ActiveCfg = Debug|Any CPU
		{893FE1E5-A2B2-48C1-8B45-A0D89805DAC9}.Debug|ARM64.Build.0 = Debug|Any CPU
		{893FE1E5-A2B2-48C1-8B45-A0D89805DAC9}.Debug|x64.ActiveCfg = Debug|Any CPU
		{893FE1E5-A2B2-48C1-8B45-A0D89805DAC9}.Debug|x64.Build.0 = Debug|Any CPU
		{893FE1E5-A2B2-48C1-8B45-A0D89805DAC9}.Debug|x86.ActiveCfg = Debug|x86
		{893FE1E5-A2B2-48C1-8B45-A0D89805DAC9}.Debug|x86.Build.0 = Debug|x86
		{893FE1E5-A2B2-48C1-8B45-A0D89805DAC9}.Release|Any CPU.ActiveCfg = Release|Any CPU
		{893FE1E5-A2B2-48C1-8B45-A0D89805DAC9}.Release|Any CPU.Build.0 = Release|Any CPU
		{893FE1E5-A2B2-48C1-8B45-A0D89805DAC9}.Release|ARM.ActiveCfg = Release|Any CPU
		{893FE1E5-A2B2-48C1-8B45-A0D89805DAC9}.Release|ARM.Build.0 = Release|Any CPU
		{893FE1E5-A2B2-48C1-8B45-A0D89805DAC9}.Release|ARM64.ActiveCfg = Release|Any CPU
		{893FE1E5-A2B2-48C1-8B45-A0D89805DAC9}.Release|ARM64.Build.0 = Release|Any CPU
		{893FE1E5-A2B2-48C1-8B45-A0D89805DAC9}.Release|x64.ActiveCfg = Release|Any CPU
		{893FE1E5-A2B2-48C1-8B45-A0D89805DAC9}.Release|x64.Build.0 = Release|Any CPU
		{893FE1E5-A2B2-48C1-8B45-A0D89805DAC9}.Release|x86.ActiveCfg = Release|x86
		{893FE1E5-A2B2-48C1-8B45-A0D89805DAC9}.Release|x86.Build.0 = Release|x86
		{44C23FF1-2876-40BD-BBF3-45C5699E9FD5}.Debug|Any CPU.ActiveCfg = Debug|Any CPU
		{44C23FF1-2876-40BD-BBF3-45C5699E9FD5}.Debug|Any CPU.Build.0 = Debug|Any CPU
		{44C23FF1-2876-40BD-BBF3-45C5699E9FD5}.Debug|ARM.ActiveCfg = Debug|Any CPU
		{44C23FF1-2876-40BD-BBF3-45C5699E9FD5}.Debug|ARM.Build.0 = Debug|Any CPU
		{44C23FF1-2876-40BD-BBF3-45C5699E9FD5}.Debug|ARM64.ActiveCfg = Debug|Any CPU
		{44C23FF1-2876-40BD-BBF3-45C5699E9FD5}.Debug|ARM64.Build.0 = Debug|Any CPU
		{44C23FF1-2876-40BD-BBF3-45C5699E9FD5}.Debug|x64.ActiveCfg = Debug|Any CPU
		{44C23FF1-2876-40BD-BBF3-45C5699E9FD5}.Debug|x64.Build.0 = Debug|Any CPU
		{44C23FF1-2876-40BD-BBF3-45C5699E9FD5}.Debug|x86.ActiveCfg = Debug|Any CPU
		{44C23FF1-2876-40BD-BBF3-45C5699E9FD5}.Debug|x86.Build.0 = Debug|Any CPU
		{44C23FF1-2876-40BD-BBF3-45C5699E9FD5}.Release|Any CPU.ActiveCfg = Release|Any CPU
		{44C23FF1-2876-40BD-BBF3-45C5699E9FD5}.Release|Any CPU.Build.0 = Release|Any CPU
		{44C23FF1-2876-40BD-BBF3-45C5699E9FD5}.Release|ARM.ActiveCfg = Release|Any CPU
		{44C23FF1-2876-40BD-BBF3-45C5699E9FD5}.Release|ARM.Build.0 = Release|Any CPU
		{44C23FF1-2876-40BD-BBF3-45C5699E9FD5}.Release|ARM64.ActiveCfg = Release|Any CPU
		{44C23FF1-2876-40BD-BBF3-45C5699E9FD5}.Release|ARM64.Build.0 = Release|Any CPU
		{44C23FF1-2876-40BD-BBF3-45C5699E9FD5}.Release|x64.ActiveCfg = Release|Any CPU
		{44C23FF1-2876-40BD-BBF3-45C5699E9FD5}.Release|x64.Build.0 = Release|Any CPU
		{44C23FF1-2876-40BD-BBF3-45C5699E9FD5}.Release|x86.ActiveCfg = Release|Any CPU
		{44C23FF1-2876-40BD-BBF3-45C5699E9FD5}.Release|x86.Build.0 = Release|Any CPU
		{DF46BB68-674A-4DA3-B504-789D7E864BD0}.Debug|Any CPU.ActiveCfg = Debug
		{DF46BB68-674A-4DA3-B504-789D7E864BD0}.Debug|ARM.ActiveCfg = Debug
		{DF46BB68-674A-4DA3-B504-789D7E864BD0}.Debug|ARM64.ActiveCfg = Debug
		{DF46BB68-674A-4DA3-B504-789D7E864BD0}.Debug|x64.ActiveCfg = Debug
		{DF46BB68-674A-4DA3-B504-789D7E864BD0}.Debug|x86.ActiveCfg = Debug
		{DF46BB68-674A-4DA3-B504-789D7E864BD0}.Release|Any CPU.ActiveCfg = Release
		{DF46BB68-674A-4DA3-B504-789D7E864BD0}.Release|ARM.ActiveCfg = Release
		{DF46BB68-674A-4DA3-B504-789D7E864BD0}.Release|ARM64.ActiveCfg = Release
		{DF46BB68-674A-4DA3-B504-789D7E864BD0}.Release|x64.ActiveCfg = Release
		{DF46BB68-674A-4DA3-B504-789D7E864BD0}.Release|x86.ActiveCfg = Release
		{028A476E-575E-42F3-85B1-CDE8B31951A5}.Debug|Any CPU.ActiveCfg = Debug|Any CPU
		{028A476E-575E-42F3-85B1-CDE8B31951A5}.Debug|Any CPU.Build.0 = Debug|Any CPU
		{028A476E-575E-42F3-85B1-CDE8B31951A5}.Debug|ARM.ActiveCfg = Debug|Any CPU
		{028A476E-575E-42F3-85B1-CDE8B31951A5}.Debug|ARM.Build.0 = Debug|Any CPU
		{028A476E-575E-42F3-85B1-CDE8B31951A5}.Debug|ARM64.ActiveCfg = Debug|Any CPU
		{028A476E-575E-42F3-85B1-CDE8B31951A5}.Debug|ARM64.Build.0 = Debug|Any CPU
		{028A476E-575E-42F3-85B1-CDE8B31951A5}.Debug|x64.ActiveCfg = Debug|Any CPU
		{028A476E-575E-42F3-85B1-CDE8B31951A5}.Debug|x64.Build.0 = Debug|Any CPU
		{028A476E-575E-42F3-85B1-CDE8B31951A5}.Debug|x86.ActiveCfg = Debug|Any CPU
		{028A476E-575E-42F3-85B1-CDE8B31951A5}.Debug|x86.Build.0 = Debug|Any CPU
		{028A476E-575E-42F3-85B1-CDE8B31951A5}.Release|Any CPU.ActiveCfg = Release|Any CPU
		{028A476E-575E-42F3-85B1-CDE8B31951A5}.Release|Any CPU.Build.0 = Release|Any CPU
		{028A476E-575E-42F3-85B1-CDE8B31951A5}.Release|ARM.ActiveCfg = Release|Any CPU
		{028A476E-575E-42F3-85B1-CDE8B31951A5}.Release|ARM.Build.0 = Release|Any CPU
		{028A476E-575E-42F3-85B1-CDE8B31951A5}.Release|ARM64.ActiveCfg = Release|Any CPU
		{028A476E-575E-42F3-85B1-CDE8B31951A5}.Release|ARM64.Build.0 = Release|Any CPU
		{028A476E-575E-42F3-85B1-CDE8B31951A5}.Release|x64.ActiveCfg = Release|Any CPU
		{028A476E-575E-42F3-85B1-CDE8B31951A5}.Release|x64.Build.0 = Release|Any CPU
		{028A476E-575E-42F3-85B1-CDE8B31951A5}.Release|x86.ActiveCfg = Release|Any CPU
		{028A476E-575E-42F3-85B1-CDE8B31951A5}.Release|x86.Build.0 = Release|Any CPU
		{25C1E6B7-42A4-468F-BEED-CDA389B1CAEC}.Debug|Any CPU.ActiveCfg = Debug|Any CPU
		{25C1E6B7-42A4-468F-BEED-CDA389B1CAEC}.Debug|Any CPU.Build.0 = Debug|Any CPU
		{25C1E6B7-42A4-468F-BEED-CDA389B1CAEC}.Debug|ARM.ActiveCfg = Debug|Any CPU
		{25C1E6B7-42A4-468F-BEED-CDA389B1CAEC}.Debug|ARM.Build.0 = Debug|Any CPU
		{25C1E6B7-42A4-468F-BEED-CDA389B1CAEC}.Debug|ARM64.ActiveCfg = Debug|Any CPU
		{25C1E6B7-42A4-468F-BEED-CDA389B1CAEC}.Debug|ARM64.Build.0 = Debug|Any CPU
		{25C1E6B7-42A4-468F-BEED-CDA389B1CAEC}.Debug|x64.ActiveCfg = Debug|Any CPU
		{25C1E6B7-42A4-468F-BEED-CDA389B1CAEC}.Debug|x64.Build.0 = Debug|Any CPU
		{25C1E6B7-42A4-468F-BEED-CDA389B1CAEC}.Debug|x86.ActiveCfg = Debug|Any CPU
		{25C1E6B7-42A4-468F-BEED-CDA389B1CAEC}.Debug|x86.Build.0 = Debug|Any CPU
		{25C1E6B7-42A4-468F-BEED-CDA389B1CAEC}.Release|Any CPU.ActiveCfg = Release|Any CPU
		{25C1E6B7-42A4-468F-BEED-CDA389B1CAEC}.Release|Any CPU.Build.0 = Release|Any CPU
		{25C1E6B7-42A4-468F-BEED-CDA389B1CAEC}.Release|ARM.ActiveCfg = Release|Any CPU
		{25C1E6B7-42A4-468F-BEED-CDA389B1CAEC}.Release|ARM.Build.0 = Release|Any CPU
		{25C1E6B7-42A4-468F-BEED-CDA389B1CAEC}.Release|ARM64.ActiveCfg = Release|Any CPU
		{25C1E6B7-42A4-468F-BEED-CDA389B1CAEC}.Release|ARM64.Build.0 = Release|Any CPU
		{25C1E6B7-42A4-468F-BEED-CDA389B1CAEC}.Release|x64.ActiveCfg = Release|Any CPU
		{25C1E6B7-42A4-468F-BEED-CDA389B1CAEC}.Release|x64.Build.0 = Release|Any CPU
		{25C1E6B7-42A4-468F-BEED-CDA389B1CAEC}.Release|x86.ActiveCfg = Release|Any CPU
		{25C1E6B7-42A4-468F-BEED-CDA389B1CAEC}.Release|x86.Build.0 = Release|Any CPU
	EndGlobalSection
	GlobalSection(SolutionProperties) = preSolution
		HideSolutionNode = FALSE
	EndGlobalSection
	GlobalSection(ExtensibilityGlobals) = postSolution
		SolutionGuid = {9368E310-BF6B-400E-97D8-AC3D54D0E870}
	EndGlobalSection
EndGlobal
